
Microsoft Visual Studio Solution File, Format Version 12.00
# Visual Studio Version 17
VisualStudioVersion = 17.5.33530.505
MinimumVisualStudioVersion = 10.0.40219.1
Project("{9A19103F-16F7-4668-BE54-9A1E7A4F7556}") = "VendorConfiguration.Application", "VendorConfiguration.Application.csproj", "{94037732-D3C9-44C7-ABE3-0C82A250262A}"
EndProject
Global
	GlobalSection(SolutionConfigurationPlatforms) = preSolution
		Debug|Any CPU = Debug|Any CPU
		Release|Any CPU = Release|Any CPU
	EndGlobalSection
	GlobalSection(ProjectConfigurationPlatforms) = postSolution
		{94037732-D3C9-44C7-ABE3-0C82A250262A}.Debug|Any CPU.ActiveCfg = Debug|Any CPU
		{94037732-D3C9-44C7-ABE3-0C82A250262A}.Debug|Any CPU.Build.0 = Debug|Any CPU
		{94037732-D3C9-44C7-ABE3-0C82A250262A}.Release|Any CPU.ActiveCfg = Release|Any CPU
		{94037732-D3C9-44C7-ABE3-0C82A250262A}.Release|Any CPU.Build.0 = Release|Any CPU
	EndGlobalSection
	GlobalSection(SolutionProperties) = preSolution
		HideSolutionNode = FALSE
	EndGlobalSection
	GlobalSection(ExtensibilityGlobals) = postSolution
		SolutionGuid = {7C72DB0B-7C7B-4BC1-929A-9314A93FBA32}
	EndGlobalSection
EndGlobal
