
Microsoft Visual Studio Solution File, Format Version 12.00
# Visual Studio Version 17
VisualStudioVersion = 17.5.33530.505
MinimumVisualStudioVersion = 10.0.40219.1
Project("{2150E333-8FDC-42A3-9474-1A3956D46DE8}") = "src", "src", "{932D8224-11F6-4D07-B109-DA28AD288A63}"
EndProject
Project("{2150E333-8FDC-42A3-9474-1A3956D46DE8}") = "Solution Items", "Solution Items", "{3AF739CD-81D8-428D-A08A-0A58372DEBF6}"
	ProjectSection(SolutionItems) = preProject
		.editorconfig = .editorconfig
		.env = .env
		NuGet.config = NuGet.config
	EndProjectSection
EndProject
Project("{2150E333-8FDC-42A3-9474-1A3956D46DE8}") = "Services", "Services", "{91CF7717-08AB-4E65-B10E-0B426F01E2E8}"
EndProject
Project("{2150E333-8FDC-42A3-9474-1A3956D46DE8}") = "FEApiGateway", "FEApiGateway", "{77849D35-37D4-4802-81DC-9477B2775A40}"
EndProject
Project("{2150E333-8FDC-42A3-9474-1A3956D46DE8}") = "Presentation", "Presentation", "{5DB53441-C489-40A2-8456-C82F0720FCB6}"
EndProject
Project("{2150E333-8FDC-42A3-9474-1A3956D46DE8}") = "BuildingBlocks", "BuildingBlocks", "{5082848C-64E9-495B-9EFB-D2C262C70C3D}"
EndProject
Project("{2150E333-8FDC-42A3-9474-1A3956D46DE8}") = "Common", "Common", "{365847BF-2B7E-47F1-B330-42647BF81A92}"
EndProject
Project("{9A19103F-16F7-4668-BE54-9A1E7A4F7556}") = "Common", "BuildingBlocks\Common\Common\Common.csproj", "{60094D26-8653-45EA-877B-D45E4990693B}"
EndProject
Project("{2150E333-8FDC-42A3-9474-1A3956D46DE8}") = "Web.Bff.VendorConfiguration", "Web.Bff.VendorConfiguration", "{178C4104-176A-48CE-AEDC-1C184AC8DCD0}"
EndProject
Project("{9A19103F-16F7-4668-BE54-9A1E7A4F7556}") = "Web.VendorConfiguration.HttpAggregator", "ApiGateway\Web.Bff.VendorConfiguration\aggregator\Web.VendorConfiguration.HttpAggregator\Web.VendorConfiguration.HttpAggregator.csproj", "{6ECB6395-C88A-425E-A4BD-9BEBFAB19843}"
EndProject
Project("{2150E333-8FDC-42A3-9474-1A3956D46DE8}") = "aggregator", "aggregator", "{CB5524F8-60B6-4216-9E88-3E56893577C2}"
EndProject
Project("{2150E333-8FDC-42A3-9474-1A3956D46DE8}") = "VendorConfiguration", "VendorConfiguration", "{5A5C6683-BA52-4591-AEAC-650FB5488025}"
EndProject
Project("{9A19103F-16F7-4668-BE54-9A1E7A4F7556}") = "VendorConfiguration.Api", "Services\VendorConfiguration\VendorConfiguration.Api\VendorConfiguration.Api.csproj", "{50DD1A51-C7C6-4FD9-8B4B-4508D74ED663}"
EndProject
Project("{9A19103F-16F7-4668-BE54-9A1E7A4F7556}") = "VendorConfiguration.Application", "Services\VendorConfiguration\VendorConfiguration.Application\VendorConfiguration.Application.csproj", "{423986C0-CBC6-4FA4-BAA4-16D6F977C156}"
EndProject
Project("{9A19103F-16F7-4668-BE54-9A1E7A4F7556}") = "VendorConfiguration.Domain", "Services\VendorConfiguration\VendorConfiguration.Domain\VendorConfiguration.Domain.csproj", "{B2EA2278-2A99-4F6A-A86E-6D0C605251F6}"
EndProject
Project("{9A19103F-16F7-4668-BE54-9A1E7A4F7556}") = "VendorConfiguration.Infrastructure", "Services\VendorConfiguration\VendorConfiguration.Infrastructure\VendorConfiguration.Infrastructure.csproj", "{24A93C6B-7AFB-4904-BF9A-A5D376EFF0A9}"
EndProject
Project("{2150E333-8FDC-42A3-9474-1A3956D46DE8}") = "HybridModelBinding", "HybridModelBinding", "{C38A4D46-2D82-4ACD-B357-E1B64E392570}"
EndProject
Project("{9A19103F-16F7-4668-BE54-9A1E7A4F7556}") = "HybridModelBinding", "BuildingBlocks\HybridModelBinding\HybridModelBinding\HybridModelBinding.csproj", "{6ED64A49-AF85-4D36-9632-412C2434D428}"
EndProject
Project("{9A19103F-16F7-4668-BE54-9A1E7A4F7556}") = "VendorConfiguration.Tests", "Services\VendorConfiguration\VendorConfiguration.Tests\VendorConfiguration.Tests.csproj", "{2BC6AD68-55CF-4419-959A-17E9A17C9876}"
EndProject
Project("{2150E333-8FDC-42A3-9474-1A3956D46DE8}") = "Identity.Security", "Identity.Security", "{F8179E78-9683-4E2B-A62D-08F7C04DED86}"
EndProject
Project("{9A19103F-16F7-4668-BE54-9A1E7A4F7556}") = "Identity.Security", "BuildingBlocks\Identity.Security\Identity.Security.csproj", "{75DB8F7C-4DB9-4405-9E58-CD5F1A59CD35}"
EndProject
Project("{9A19103F-16F7-4668-BE54-9A1E7A4F7556}") = "Application", "Presentation\Application\Application.csproj", "{25ADFD7F-956C-43F5-A8EB-C7875E635733}"
EndProject
Project("{9A19103F-16F7-4668-BE54-9A1E7A4F7556}") = "Domain", "Presentation\Domain\Domain.csproj", "{88556BCE-4156-4009-BD07-1543D1AF07C3}"
EndProject
Project("{9A19103F-16F7-4668-BE54-9A1E7A4F7556}") = "Infrastructure", "Presentation\Infrastructure\Infrastructure.csproj", "{A7628A9C-B41D-4CC0-9C54-A9D56606F601}"
EndProject
Project("{9A19103F-16F7-4668-BE54-9A1E7A4F7556}") = "VendorHub.WebUI", "Presentation\WebUI\VendorHub.WebUI.csproj", "{9B1682E9-6A9B-4C73-AB3A-BA7F70E4BC5A}"
EndProject
Project("{2150E333-8FDC-42A3-9474-1A3956D46DE8}") = "Vehicle", "Vehicle", "{C72CA222-D533-4F23-B740-D7A53C34CB3C}"
EndProject
Project("{9A19103F-16F7-4668-BE54-9A1E7A4F7556}") = "Vehicle.API", "Services\VehicleService\VehicleService.API\Vehicle.API.csproj", "{380E6D20-0AAE-455E-B226-22D9AC2AFAE8}"
EndProject
Project("{9A19103F-16F7-4668-BE54-9A1E7A4F7556}") = "Vehicle.Application", "Services\VehicleService\VehicleService.Application\Vehicle.Application.csproj", "{E0AF7439-BEE2-4C4F-8091-D3BC803D34DB}"
EndProject
Project("{9A19103F-16F7-4668-BE54-9A1E7A4F7556}") = "Vehicle.Infrastructure", "Services\VehicleService\VehicleService.Infrastructure\Vehicle.Infrastructure.csproj", "{2B052C31-EF93-4536-BE4E-8CB0C1A78DD2}"
EndProject
Project("{9A19103F-16F7-4668-BE54-9A1E7A4F7556}") = "Vehicle.Tests", "Services\VehicleService\VehicleService.Tests\Vehicle.Tests.csproj", "{E13BE2F6-80CE-4B0A-8FD4-1D91902CC295}"
EndProject
Project("{9A19103F-16F7-4668-BE54-9A1E7A4F7556}") = "Vehicle.Domain", "Services\VehicleService\VehicleService.Domain\Vehicle.Domain.csproj", "{2B52C40E-E6CE-4A61-858A-681FCEFB348B}"
EndProject
Global
	GlobalSection(SolutionConfigurationPlatforms) = preSolution
		Debug|Any CPU = Debug|Any CPU
		Release|Any CPU = Release|Any CPU
	EndGlobalSection
	GlobalSection(ProjectConfigurationPlatforms) = postSolution
		{60094D26-8653-45EA-877B-D45E4990693B}.Debug|Any CPU.ActiveCfg = Debug|Any CPU
		{60094D26-8653-45EA-877B-D45E4990693B}.Debug|Any CPU.Build.0 = Debug|Any CPU
		{60094D26-8653-45EA-877B-D45E4990693B}.Release|Any CPU.ActiveCfg = Release|Any CPU
		{60094D26-8653-45EA-877B-D45E4990693B}.Release|Any CPU.Build.0 = Release|Any CPU
		{6ECB6395-C88A-425E-A4BD-9BEBFAB19843}.Debug|Any CPU.ActiveCfg = Debug|Any CPU
		{6ECB6395-C88A-425E-A4BD-9BEBFAB19843}.Debug|Any CPU.Build.0 = Debug|Any CPU
		{6ECB6395-C88A-425E-A4BD-9BEBFAB19843}.Release|Any CPU.ActiveCfg = Release|Any CPU
		{6ECB6395-C88A-425E-A4BD-9BEBFAB19843}.Release|Any CPU.Build.0 = Release|Any CPU
		{50DD1A51-C7C6-4FD9-8B4B-4508D74ED663}.Debug|Any CPU.ActiveCfg = Debug|Any CPU
		{50DD1A51-C7C6-4FD9-8B4B-4508D74ED663}.Debug|Any CPU.Build.0 = Debug|Any CPU
		{50DD1A51-C7C6-4FD9-8B4B-4508D74ED663}.Release|Any CPU.ActiveCfg = Release|Any CPU
		{50DD1A51-C7C6-4FD9-8B4B-4508D74ED663}.Release|Any CPU.Build.0 = Release|Any CPU
		{423986C0-CBC6-4FA4-BAA4-16D6F977C156}.Debug|Any CPU.ActiveCfg = Debug|Any CPU
		{423986C0-CBC6-4FA4-BAA4-16D6F977C156}.Debug|Any CPU.Build.0 = Debug|Any CPU
		{423986C0-CBC6-4FA4-BAA4-16D6F977C156}.Release|Any CPU.ActiveCfg = Release|Any CPU
		{423986C0-CBC6-4FA4-BAA4-16D6F977C156}.Release|Any CPU.Build.0 = Release|Any CPU
		{B2EA2278-2A99-4F6A-A86E-6D0C605251F6}.Debug|Any CPU.ActiveCfg = Debug|Any CPU
		{B2EA2278-2A99-4F6A-A86E-6D0C605251F6}.Debug|Any CPU.Build.0 = Debug|Any CPU
		{B2EA2278-2A99-4F6A-A86E-6D0C605251F6}.Release|Any CPU.ActiveCfg = Release|Any CPU
		{B2EA2278-2A99-4F6A-A86E-6D0C605251F6}.Release|Any CPU.Build.0 = Release|Any CPU
		{24A93C6B-7AFB-4904-BF9A-A5D376EFF0A9}.Debug|Any CPU.ActiveCfg = Debug|Any CPU
		{24A93C6B-7AFB-4904-BF9A-A5D376EFF0A9}.Debug|Any CPU.Build.0 = Debug|Any CPU
		{24A93C6B-7AFB-4904-BF9A-A5D376EFF0A9}.Release|Any CPU.ActiveCfg = Release|Any CPU
		{24A93C6B-7AFB-4904-BF9A-A5D376EFF0A9}.Release|Any CPU.Build.0 = Release|Any CPU
		{6ED64A49-AF85-4D36-9632-412C2434D428}.Debug|Any CPU.ActiveCfg = Debug|Any CPU
		{6ED64A49-AF85-4D36-9632-412C2434D428}.Debug|Any CPU.Build.0 = Debug|Any CPU
		{6ED64A49-AF85-4D36-9632-412C2434D428}.Release|Any CPU.ActiveCfg = Release|Any CPU
		{6ED64A49-AF85-4D36-9632-412C2434D428}.Release|Any CPU.Build.0 = Release|Any CPU
		{2BC6AD68-55CF-4419-959A-17E9A17C9876}.Debug|Any CPU.ActiveCfg = Debug|Any CPU
		{2BC6AD68-55CF-4419-959A-17E9A17C9876}.Debug|Any CPU.Build.0 = Debug|Any CPU
		{2BC6AD68-55CF-4419-959A-17E9A17C9876}.Release|Any CPU.ActiveCfg = Release|Any CPU
		{2BC6AD68-55CF-4419-959A-17E9A17C9876}.Release|Any CPU.Build.0 = Release|Any CPU
		{75DB8F7C-4DB9-4405-9E58-CD5F1A59CD35}.Debug|Any CPU.ActiveCfg = Debug|Any CPU
		{75DB8F7C-4DB9-4405-9E58-CD5F1A59CD35}.Debug|Any CPU.Build.0 = Debug|Any CPU
		{75DB8F7C-4DB9-4405-9E58-CD5F1A59CD35}.Release|Any CPU.ActiveCfg = Release|Any CPU
		{75DB8F7C-4DB9-4405-9E58-CD5F1A59CD35}.Release|Any CPU.Build.0 = Release|Any CPU
		{25ADFD7F-956C-43F5-A8EB-C7875E635733}.Debug|Any CPU.ActiveCfg = Debug|Any CPU
		{25ADFD7F-956C-43F5-A8EB-C7875E635733}.Debug|Any CPU.Build.0 = Debug|Any CPU
		{25ADFD7F-956C-43F5-A8EB-C7875E635733}.Release|Any CPU.ActiveCfg = Release|Any CPU
		{25ADFD7F-956C-43F5-A8EB-C7875E635733}.Release|Any CPU.Build.0 = Release|Any CPU
		{88556BCE-4156-4009-BD07-1543D1AF07C3}.Debug|Any CPU.ActiveCfg = Debug|Any CPU
		{88556BCE-4156-4009-BD07-1543D1AF07C3}.Debug|Any CPU.Build.0 = Debug|Any CPU
		{88556BCE-4156-4009-BD07-1543D1AF07C3}.Release|Any CPU.ActiveCfg = Release|Any CPU
		{88556BCE-4156-4009-BD07-1543D1AF07C3}.Release|Any CPU.Build.0 = Release|Any CPU
		{A7628A9C-B41D-4CC0-9C54-A9D56606F601}.Debug|Any CPU.ActiveCfg = Debug|Any CPU
		{A7628A9C-B41D-4CC0-9C54-A9D56606F601}.Debug|Any CPU.Build.0 = Debug|Any CPU
		{A7628A9C-B41D-4CC0-9C54-A9D56606F601}.Release|Any CPU.ActiveCfg = Release|Any CPU
		{A7628A9C-B41D-4CC0-9C54-A9D56606F601}.Release|Any CPU.Build.0 = Release|Any CPU
		{9B1682E9-6A9B-4C73-AB3A-BA7F70E4BC5A}.Debug|Any CPU.ActiveCfg = Debug|Any CPU
		{9B1682E9-6A9B-4C73-AB3A-BA7F70E4BC5A}.Debug|Any CPU.Build.0 = Debug|Any CPU
		{9B1682E9-6A9B-4C73-AB3A-BA7F70E4BC5A}.Release|Any CPU.ActiveCfg = Release|Any CPU
		{9B1682E9-6A9B-4C73-AB3A-BA7F70E4BC5A}.Release|Any CPU.Build.0 = Release|Any CPU
		{380E6D20-0AAE-455E-B226-22D9AC2AFAE8}.Debug|Any CPU.ActiveCfg = Debug|Any CPU
		{380E6D20-0AAE-455E-B226-22D9AC2AFAE8}.Debug|Any CPU.Build.0 = Debug|Any CPU
		{380E6D20-0AAE-455E-B226-22D9AC2AFAE8}.Release|Any CPU.ActiveCfg = Release|Any CPU
		{380E6D20-0AAE-455E-B226-22D9AC2AFAE8}.Release|Any CPU.Build.0 = Release|Any CPU
		{E0AF7439-BEE2-4C4F-8091-D3BC803D34DB}.Debug|Any CPU.ActiveCfg = Debug|Any CPU
		{E0AF7439-BEE2-4C4F-8091-D3BC803D34DB}.Debug|Any CPU.Build.0 = Debug|Any CPU
		{E0AF7439-BEE2-4C4F-8091-D3BC803D34DB}.Release|Any CPU.ActiveCfg = Release|Any CPU
		{E0AF7439-BEE2-4C4F-8091-D3BC803D34DB}.Release|Any CPU.Build.0 = Release|Any CPU
		{2B052C31-EF93-4536-BE4E-8CB0C1A78DD2}.Debug|Any CPU.ActiveCfg = Debug|Any CPU
		{2B052C31-EF93-4536-BE4E-8CB0C1A78DD2}.Debug|Any CPU.Build.0 = Debug|Any CPU
		{2B052C31-EF93-4536-BE4E-8CB0C1A78DD2}.Release|Any CPU.ActiveCfg = Release|Any CPU
		{2B052C31-EF93-4536-BE4E-8CB0C1A78DD2}.Release|Any CPU.Build.0 = Release|Any CPU
		{E13BE2F6-80CE-4B0A-8FD4-1D91902CC295}.Debug|Any CPU.ActiveCfg = Debug|Any CPU
		{E13BE2F6-80CE-4B0A-8FD4-1D91902CC295}.Debug|Any CPU.Build.0 = Debug|Any CPU
		{E13BE2F6-80CE-4B0A-8FD4-1D91902CC295}.Release|Any CPU.ActiveCfg = Release|Any CPU
		{E13BE2F6-80CE-4B0A-8FD4-1D91902CC295}.Release|Any CPU.Build.0 = Release|Any CPU
		{2B52C40E-E6CE-4A61-858A-681FCEFB348B}.Debug|Any CPU.ActiveCfg = Debug|Any CPU
		{2B52C40E-E6CE-4A61-858A-681FCEFB348B}.Debug|Any CPU.Build.0 = Debug|Any CPU
		{2B52C40E-E6CE-4A61-858A-681FCEFB348B}.Release|Any CPU.ActiveCfg = Release|Any CPU
		{2B52C40E-E6CE-4A61-858A-681FCEFB348B}.Release|Any CPU.Build.0 = Release|Any CPU
	EndGlobalSection
	GlobalSection(SolutionProperties) = preSolution
		HideSolutionNode = FALSE
	EndGlobalSection
	GlobalSection(NestedProjects) = preSolution
		{91CF7717-08AB-4E65-B10E-0B426F01E2E8} = {932D8224-11F6-4D07-B109-DA28AD288A63}
		{77849D35-37D4-4802-81DC-9477B2775A40} = {932D8224-11F6-4D07-B109-DA28AD288A63}
		{5DB53441-C489-40A2-8456-C82F0720FCB6} = {932D8224-11F6-4D07-B109-DA28AD288A63}
		{5082848C-64E9-495B-9EFB-D2C262C70C3D} = {932D8224-11F6-4D07-B109-DA28AD288A63}
		{365847BF-2B7E-47F1-B330-42647BF81A92} = {5082848C-64E9-495B-9EFB-D2C262C70C3D}
		{60094D26-8653-45EA-877B-D45E4990693B} = {365847BF-2B7E-47F1-B330-42647BF81A92}
		{178C4104-176A-48CE-AEDC-1C184AC8DCD0} = {77849D35-37D4-4802-81DC-9477B2775A40}
		{6ECB6395-C88A-425E-A4BD-9BEBFAB19843} = {CB5524F8-60B6-4216-9E88-3E56893577C2}
		{CB5524F8-60B6-4216-9E88-3E56893577C2} = {178C4104-176A-48CE-AEDC-1C184AC8DCD0}
		{5A5C6683-BA52-4591-AEAC-650FB5488025} = {91CF7717-08AB-4E65-B10E-0B426F01E2E8}
		{50DD1A51-C7C6-4FD9-8B4B-4508D74ED663} = {5A5C6683-BA52-4591-AEAC-650FB5488025}
		{423986C0-CBC6-4FA4-BAA4-16D6F977C156} = {5A5C6683-BA52-4591-AEAC-650FB5488025}
		{B2EA2278-2A99-4F6A-A86E-6D0C605251F6} = {5A5C6683-BA52-4591-AEAC-650FB5488025}
		{24A93C6B-7AFB-4904-BF9A-A5D376EFF0A9} = {5A5C6683-BA52-4591-AEAC-650FB5488025}
		{C38A4D46-2D82-4ACD-B357-E1B64E392570} = {5082848C-64E9-495B-9EFB-D2C262C70C3D}
		{6ED64A49-AF85-4D36-9632-412C2434D428} = {C38A4D46-2D82-4ACD-B357-E1B64E392570}
		{2BC6AD68-55CF-4419-959A-17E9A17C9876} = {5A5C6683-BA52-4591-AEAC-650FB5488025}
		{F8179E78-9683-4E2B-A62D-08F7C04DED86} = {5082848C-64E9-495B-9EFB-D2C262C70C3D}
		{75DB8F7C-4DB9-4405-9E58-CD5F1A59CD35} = {F8179E78-9683-4E2B-A62D-08F7C04DED86}
		{25ADFD7F-956C-43F5-A8EB-C7875E635733} = {5DB53441-C489-40A2-8456-C82F0720FCB6}
		{88556BCE-4156-4009-BD07-1543D1AF07C3} = {5DB53441-C489-40A2-8456-C82F0720FCB6}
		{A7628A9C-B41D-4CC0-9C54-A9D56606F601} = {5DB53441-C489-40A2-8456-C82F0720FCB6}
		{9B1682E9-6A9B-4C73-AB3A-BA7F70E4BC5A} = {5DB53441-C489-40A2-8456-C82F0720FCB6}
		{C72CA222-D533-4F23-B740-D7A53C34CB3C} = {91CF7717-08AB-4E65-B10E-0B426F01E2E8}
		{380E6D20-0AAE-455E-B226-22D9AC2AFAE8} = {C72CA222-D533-4F23-B740-D7A53C34CB3C}
		{E0AF7439-BEE2-4C4F-8091-D3BC803D34DB} = {C72CA222-D533-4F23-B740-D7A53C34CB3C}
		{2B052C31-EF93-4536-BE4E-8CB0C1A78DD2} = {C72CA222-D533-4F23-B740-D7A53C34CB3C}
		{E13BE2F6-80CE-4B0A-8FD4-1D91902CC295} = {C72CA222-D533-4F23-B740-D7A53C34CB3C}
		{2B52C40E-E6CE-4A61-858A-681FCEFB348B} = {C72CA222-D533-4F23-B740-D7A53C34CB3C}
	EndGlobalSection
	GlobalSection(ExtensibilityGlobals) = postSolution
		SolutionGuid = {25728519-5F0F-4973-8A64-0A81EB4EA8D9}
	EndGlobalSection
EndGlobal
